
Microsoft Visual Studio Solution File, Format Version 12.00
# Visual Studio Version 17
VisualStudioVersion = 17.6.33815.320
MinimumVisualStudioVersion = 10.0.40219.1
Project("{FAE04EC0-301F-11D3-BF4B-00C04F79EFBC}") = "CRUD for signup using MVC", "CRUD for signup using MVC.csproj", "{060382FF-027D-4195-A1E9-10AA3AC4DBE8}"
EndProject
Global
	GlobalSection(SolutionConfigurationPlatforms) = preSolution
		Debug|Any CPU = Debug|Any CPU
		Release|Any CPU = Release|Any CPU
	EndGlobalSection
	GlobalSection(ProjectConfigurationPlatforms) = postSolution
		{060382FF-027D-4195-A1E9-10AA3AC4DBE8}.Debug|Any CPU.ActiveCfg = Debug|Any CPU
		{060382FF-027D-4195-A1E9-10AA3AC4DBE8}.Debug|Any CPU.Build.0 = Debug|Any CPU
		{060382FF-027D-4195-A1E9-10AA3AC4DBE8}.Release|Any CPU.ActiveCfg = Release|Any CPU
		{060382FF-027D-4195-A1E9-10AA3AC4DBE8}.Release|Any CPU.Build.0 = Release|Any CPU
	EndGlobalSection
	GlobalSection(SolutionProperties) = preSolution
		HideSolutionNode = FALSE
	EndGlobalSection
	GlobalSection(ExtensibilityGlobals) = postSolution
		SolutionGuid = {C10039B5-1709-4C02-BE5B-E18B07F70C82}
	EndGlobalSection
EndGlobal
